
Microsoft Visual Studio Solution File, Format Version 12.00
# Visual Studio Version 17
VisualStudioVersion = 17.7.34202.233
MinimumVisualStudioVersion = 10.0.40219.1
Project("{9A19103F-16F7-4668-BE54-9A1E7A4F7556}") = "TwistedFizzBuzz.Library", "TwistedFizzBuzz.Library\TwistedFizzBuzz.Library.csproj", "{D5DEC2FF-D256-45AF-B041-10426528EFBB}"
EndProject
Project("{9A19103F-16F7-4668-BE54-9A1E7A4F7556}") = "OriginalFizzBuzz.Program", "OriginalFizzBuzz.Program\OriginalFizzBuzz.Program.csproj", "{EA35EFB1-CF35-486B-9232-AD4853EE68B6}"
EndProject
Project("{FAE04EC0-301F-11D3-BF4B-00C04F79EFBC}") = "TwistedFizzBuzz.LibraryTests", "TwistedFizzBuzz.LibraryTests\TwistedFizzBuzz.LibraryTests.csproj", "{A7C789CF-7207-4D67-B831-A61717584721}"
EndProject
Project("{FAE04EC0-301F-11D3-BF4B-00C04F79EFBC}") = "CustomFizzBuzz.Program", "CustomFizzBuzz.Program\CustomFizzBuzz.Program.csproj", "{5BDBF935-FF5E-41EA-A84B-B3A3CE00657B}"
EndProject
Global
	GlobalSection(SolutionConfigurationPlatforms) = preSolution
		Debug|Any CPU = Debug|Any CPU
		Release|Any CPU = Release|Any CPU
	EndGlobalSection
	GlobalSection(ProjectConfigurationPlatforms) = postSolution
		{D5DEC2FF-D256-45AF-B041-10426528EFBB}.Debug|Any CPU.ActiveCfg = Debug|Any CPU
		{D5DEC2FF-D256-45AF-B041-10426528EFBB}.Debug|Any CPU.Build.0 = Debug|Any CPU
		{D5DEC2FF-D256-45AF-B041-10426528EFBB}.Release|Any CPU.ActiveCfg = Release|Any CPU
		{D5DEC2FF-D256-45AF-B041-10426528EFBB}.Release|Any CPU.Build.0 = Release|Any CPU
		{EA35EFB1-CF35-486B-9232-AD4853EE68B6}.Debug|Any CPU.ActiveCfg = Debug|Any CPU
		{EA35EFB1-CF35-486B-9232-AD4853EE68B6}.Debug|Any CPU.Build.0 = Debug|Any CPU
		{EA35EFB1-CF35-486B-9232-AD4853EE68B6}.Release|Any CPU.ActiveCfg = Release|Any CPU
		{EA35EFB1-CF35-486B-9232-AD4853EE68B6}.Release|Any CPU.Build.0 = Release|Any CPU
		{A7C789CF-7207-4D67-B831-A61717584721}.Debug|Any CPU.ActiveCfg = Debug|Any CPU
		{A7C789CF-7207-4D67-B831-A61717584721}.Debug|Any CPU.Build.0 = Debug|Any CPU
		{A7C789CF-7207-4D67-B831-A61717584721}.Release|Any CPU.ActiveCfg = Release|Any CPU
		{A7C789CF-7207-4D67-B831-A61717584721}.Release|Any CPU.Build.0 = Release|Any CPU
		{5BDBF935-FF5E-41EA-A84B-B3A3CE00657B}.Debug|Any CPU.ActiveCfg = Debug|Any CPU
		{5BDBF935-FF5E-41EA-A84B-B3A3CE00657B}.Debug|Any CPU.Build.0 = Debug|Any CPU
		{5BDBF935-FF5E-41EA-A84B-B3A3CE00657B}.Release|Any CPU.ActiveCfg = Release|Any CPU
		{5BDBF935-FF5E-41EA-A84B-B3A3CE00657B}.Release|Any CPU.Build.0 = Release|Any CPU
	EndGlobalSection
	GlobalSection(SolutionProperties) = preSolution
		HideSolutionNode = FALSE
	EndGlobalSection
	GlobalSection(ExtensibilityGlobals) = postSolution
		SolutionGuid = {22506404-326E-404C-9E55-DB3AC5EBF226}
	EndGlobalSection
EndGlobal
